
Microsoft Visual Studio Solution File, Format Version 12.00
# Visual Studio Version 17
VisualStudioVersion = 17.0.32112.339
MinimumVisualStudioVersion = 10.0.40219.1
Project("{FAE04EC0-301F-11D3-BF4B-00C04F79EFBC}") = "MathQuizzz", "MathQuizzz\MathQuizzz.csproj", "{BE1FFBF2-8133-42A8-8430-79CA64AF3CC9}"
EndProject
Global
	GlobalSection(SolutionConfigurationPlatforms) = preSolution
		Debug|Any CPU = Debug|Any CPU
		Release|Any CPU = Release|Any CPU
	EndGlobalSection
	GlobalSection(ProjectConfigurationPlatforms) = postSolution
		{BE1FFBF2-8133-42A8-8430-79CA64AF3CC9}.Debug|Any CPU.ActiveCfg = Debug|Any CPU
		{BE1FFBF2-8133-42A8-8430-79CA64AF3CC9}.Debug|Any CPU.Build.0 = Debug|Any CPU
		{BE1FFBF2-8133-42A8-8430-79CA64AF3CC9}.Release|Any CPU.ActiveCfg = Release|Any CPU
		{BE1FFBF2-8133-42A8-8430-79CA64AF3CC9}.Release|Any CPU.Build.0 = Release|Any CPU
	EndGlobalSection
	GlobalSection(SolutionProperties) = preSolution
		HideSolutionNode = FALSE
	EndGlobalSection
	GlobalSection(ExtensibilityGlobals) = postSolution
		SolutionGuid = {87BF5F33-3C29-4F97-98F9-98675E7FB04B}
	EndGlobalSection
EndGlobal
